{
  "version": 4,
  "terraform_version": "0.13.6",
  "serial": 4,
  "lineage": "0758456f-3ce9-b275-4dec-813270efac74",
  "outputs": {},
  "resources": [
    {
      "mode": "managed",
      "type": "google_service_account",
      "name": "sa-dh-analysts",
      "provider": "provider[\"registry.terraform.io/hashicorp/google\"]",
      "instances": [
        {
          "index_key": "1",
          "schema_version": 0,
          "attributes": {
            "account_id": "sa-dh-dupf-anl01",
            "description": "",
            "display_name": "",
            "email": "sa-dh-dupf-anl01@prj3-318923.iam.gserviceaccount.com",
            "id": "projects/prj3-318923/serviceAccounts/sa-dh-dupf-anl01@prj3-318923.iam.gserviceaccount.com",
            "name": "projects/prj3-318923/serviceAccounts/sa-dh-dupf-anl01@prj3-318923.iam.gserviceaccount.com",
            "project": "prj3-318923",
            "timeouts": null,
            "unique_id": "115180908504009195021"
          },
          "private": "eyJlMmJmYjczMC1lY2FhLTExZTYtOGY4OC0zNDM2M2JjN2M0YzAiOnsiY3JlYXRlIjozMDAwMDAwMDAwMDB9fQ=="
        },
        {
          "index_key": "2",
          "schema_version": 0,
          "attributes": {
            "account_id": "sa-dh-dupf-anl02",
            "description": "",
            "display_name": "",
            "email": "sa-dh-dupf-anl02@prj3-318923.iam.gserviceaccount.com",
            "id": "projects/prj3-318923/serviceAccounts/sa-dh-dupf-anl02@prj3-318923.iam.gserviceaccount.com",
            "name": "projects/prj3-318923/serviceAccounts/sa-dh-dupf-anl02@prj3-318923.iam.gserviceaccount.com",
            "project": "prj3-318923",
            "timeouts": null,
            "unique_id": "115388275248987266206"
          },
          "private": "eyJlMmJmYjczMC1lY2FhLTExZTYtOGY4OC0zNDM2M2JjN2M0YzAiOnsiY3JlYXRlIjozMDAwMDAwMDAwMDB9fQ=="
        },
        {
          "index_key": "3",
          "schema_version": 0,
          "attributes": {
            "account_id": "sa-dh-dupf-anl03",
            "description": "",
            "display_name": "",
            "email": "sa-dh-dupf-anl03@prj3-318923.iam.gserviceaccount.com",
            "id": "projects/prj3-318923/serviceAccounts/sa-dh-dupf-anl03@prj3-318923.iam.gserviceaccount.com",
            "name": "projects/prj3-318923/serviceAccounts/sa-dh-dupf-anl03@prj3-318923.iam.gserviceaccount.com",
            "project": "prj3-318923",
            "timeouts": null,
            "unique_id": "108428114276615136350"
          },
          "private": "eyJlMmJmYjczMC1lY2FhLTExZTYtOGY4OC0zNDM2M2JjN2M0YzAiOnsiY3JlYXRlIjozMDAwMDAwMDAwMDB9fQ=="
        }
      ]
    }
  ]
}
